{
  "name": "@layer92/random",
  "version": "1.0.0",
  "lockfileVersion": 3,
  "requires": true,
  "packages": {
    "": {
      "name": "@layer92/random",
      "version": "1.0.0",
      "license": "0BSD",
      "dependencies": {
        "@types/node": "20.8.6",
        "crypto": "1.0.1",
        "typescript": "5.2.2"
      }
    },
    "node_modules/@types/node": {
      "version": "20.8.6",
      "license": "MIT",
      "dependencies": {
        "undici-types": "~5.25.1"
      }
    },
    "node_modules/crypto": {
      "version": "1.0.1",
      "license": "ISC"
    },
    "node_modules/typescript": {
      "version": "5.2.2",
      "license": "Apache-2.0",
      "bin": {
        "tsc": "bin/tsc",
        "tsserver": "bin/tsserver"
      },
      "engines": {
        "node": ">=14.17"
      }
    },
    "node_modules/undici-types": {
      "version": "5.25.3",
      "license": "MIT"
    }
  }
}
